
Microsoft Visual Studio Solution File, Format Version 11.00
# Visual Studio 2010
Project("{FAE04EC0-301F-11D3-BF4B-00C04F79EFBC}") = "Unity.Timeline", "Unity.Timeline.csproj", "{35e7573b-ddc3-5960-2df4-3426bb1fd5d5}"
EndProject
Project("{FAE04EC0-301F-11D3-BF4B-00C04F79EFBC}") = "Unity.VisualEffectGraph.Editor", "Unity.VisualEffectGraph.Editor.csproj", "{981e5010-4096-07af-91d3-7c3c413327eb}"
EndProject
Project("{FAE04EC0-301F-11D3-BF4B-00C04F79EFBC}") = "Unity.Timeline.Editor", "Unity.Timeline.Editor.csproj", "{a8f37404-830d-d7fd-767f-61af0f55ccd0}"
EndProject
Project("{FAE04EC0-301F-11D3-BF4B-00C04F79EFBC}") = "AstarPathfindingProject", "AstarPathfindingProject.csproj", "{3a969dc1-90c5-fe6b-bd4a-3bdc2669ecd4}"
EndProject
Project("{FAE04EC0-301F-11D3-BF4B-00C04F79EFBC}") = "Unity.ShaderGraph.Editor", "Unity.ShaderGraph.Editor.csproj", "{370a11f4-bed4-7d6c-6cec-796b754532af}"
EndProject
Project("{FAE04EC0-301F-11D3-BF4B-00C04F79EFBC}") = "Unity.RenderPipelines.Universal.Editor", "Unity.RenderPipelines.Universal.Editor.csproj", "{31160088-1987-6ae5-1984-9997a359cf7f}"
EndProject
Project("{FAE04EC0-301F-11D3-BF4B-00C04F79EFBC}") = "Unity.PlasticSCM.Editor", "Unity.PlasticSCM.Editor.csproj", "{4d6c825e-2ac9-4ca9-4d5e-ba1eb02c780c}"
EndProject
Project("{FAE04EC0-301F-11D3-BF4B-00C04F79EFBC}") = "Unity.2D.Tilemap.Editor", "Unity.2D.Tilemap.Editor.csproj", "{dc9f8417-be66-4e20-7b7a-f0092e57e9e7}"
EndProject
Project("{FAE04EC0-301F-11D3-BF4B-00C04F79EFBC}") = "MCPForUnity.Runtime", "MCPForUnity.Runtime.csproj", "{110afee9-dd76-11e3-f2ca-2ef48a0f01c2}"
EndProject
Project("{FAE04EC0-301F-11D3-BF4B-00C04F79EFBC}") = "MCPForUnity.Editor", "MCPForUnity.Editor.csproj", "{b92768bc-3e2b-ac9b-ebf3-d66f4d8315fa}"
EndProject
Project("{FAE04EC0-301F-11D3-BF4B-00C04F79EFBC}") = "MouseButton", "MouseButton.csproj", "{043e07f4-c005-4b52-6197-715c2e770977}"
EndProject
Project("{FAE04EC0-301F-11D3-BF4B-00C04F79EFBC}") = "Unity.2D.Aseprite.Editor", "Unity.2D.Aseprite.Editor.csproj", "{577cb22b-0638-3deb-cdb8-2cfb449f474b}"
EndProject
Project("{FAE04EC0-301F-11D3-BF4B-00C04F79EFBC}") = "Unity.RenderPipelines.Universal.Runtime", "Unity.RenderPipelines.Universal.Runtime.csproj", "{46f2c8d4-e684-09c9-28aa-a8e757a8b0ba}"
EndProject
Project("{FAE04EC0-301F-11D3-BF4B-00C04F79EFBC}") = "UnityEditor.UI", "UnityEditor.UI.csproj", "{8bacfcbd-3c50-74f8-1701-0bdc747f5acc}"
EndProject
Project("{FAE04EC0-301F-11D3-BF4B-00C04F79EFBC}") = "Unity.2D.Psdimporter.Editor", "Unity.2D.Psdimporter.Editor.csproj", "{e77d195e-c597-0528-69f5-6699f0f4fbcc}"
EndProject
Project("{FAE04EC0-301F-11D3-BF4B-00C04F79EFBC}") = "Unity.RenderPipelines.Core.Runtime", "Unity.RenderPipelines.Core.Runtime.csproj", "{93ebccb0-4a65-dcf8-67d2-592557ee6fc4}"
EndProject
Project("{FAE04EC0-301F-11D3-BF4B-00C04F79EFBC}") = "Unity.Mathematics.Tests", "Unity.Mathematics.Tests.csproj", "{640aa63b-efd4-4748-e072-18ed308b5f93}"
EndProject
Project("{FAE04EC0-301F-11D3-BF4B-00C04F79EFBC}") = "Unity.RenderPipelines.Core.Editor", "Unity.RenderPipelines.Core.Editor.csproj", "{588cc6b0-cb50-9932-d57d-674d6aca27d0}"
EndProject
Project("{FAE04EC0-301F-11D3-BF4B-00C04F79EFBC}") = "Unity.Mathematics", "Unity.Mathematics.csproj", "{81c87da6-f6f8-d4cf-b3ee-70bc32e5e8f7}"
EndProject
Project("{FAE04EC0-301F-11D3-BF4B-00C04F79EFBC}") = "Unity.2D.Common.Path.Editor", "Unity.2D.Common.Path.Editor.csproj", "{7a08537c-b728-d1f9-fcfb-6a3b8e137b36}"
EndProject
Project("{FAE04EC0-301F-11D3-BF4B-00C04F79EFBC}") = "AstarPathfindingProjectEditor", "AstarPathfindingProjectEditor.csproj", "{472141d7-f608-09e2-0941-a640b4806231}"
EndProject
Project("{FAE04EC0-301F-11D3-BF4B-00C04F79EFBC}") = "UnityEngine.UI.Tests", "UnityEngine.UI.Tests.csproj", "{3cb0ac6c-4c2f-01f2-150d-0238d12c98fa}"
EndProject
Project("{FAE04EC0-301F-11D3-BF4B-00C04F79EFBC}") = "Unity.2D.Animation.Editor", "Unity.2D.Animation.Editor.csproj", "{aae31922-a254-bce9-8f90-ca67be19e54e}"
EndProject
Project("{FAE04EC0-301F-11D3-BF4B-00C04F79EFBC}") = "Unity.2D.IK.Runtime", "Unity.2D.IK.Runtime.csproj", "{47a62910-8b39-e23f-79a3-0c631ada4a35}"
EndProject
Project("{FAE04EC0-301F-11D3-BF4B-00C04F79EFBC}") = "DocCodeExamples", "DocCodeExamples.csproj", "{55e72598-dd69-d959-2d45-e65ab4c7c84a}"
EndProject
Project("{FAE04EC0-301F-11D3-BF4B-00C04F79EFBC}") = "PsdPlugin", "PsdPlugin.csproj", "{c91cb208-cf7b-7442-012b-1f1d11c1ab99}"
EndProject
Project("{FAE04EC0-301F-11D3-BF4B-00C04F79EFBC}") = "Unity.Searcher.Editor", "Unity.Searcher.Editor.csproj", "{71c7d2af-cc8f-c46b-e78a-eccc658f447c}"
EndProject
Project("{FAE04EC0-301F-11D3-BF4B-00C04F79EFBC}") = "Unity.Burst", "Unity.Burst.csproj", "{1c08252f-e240-cb54-6b06-dcca7173f026}"
EndProject
Project("{FAE04EC0-301F-11D3-BF4B-00C04F79EFBC}") = "UnityEngine.UI", "UnityEngine.UI.csproj", "{c53d37f5-6fdb-3f2e-4cba-cb0500adf29f}"
EndProject
Project("{FAE04EC0-301F-11D3-BF4B-00C04F79EFBC}") = "Unity.2D.SpriteShape.Editor", "Unity.2D.SpriteShape.Editor.csproj", "{9d47490b-aadd-43f3-5e55-666bde316f5b}"
EndProject
Project("{FAE04EC0-301F-11D3-BF4B-00C04F79EFBC}") = "Unity.Collections", "Unity.Collections.csproj", "{130b50c5-401b-c92c-60de-925a3e8092bb}"
EndProject
Project("{FAE04EC0-301F-11D3-BF4B-00C04F79EFBC}") = "Unity.AI.Navigation.Editor", "Unity.AI.Navigation.Editor.csproj", "{cd61bf6d-5e7e-c12c-5866-f79049bf6532}"
EndProject
Project("{FAE04EC0-301F-11D3-BF4B-00C04F79EFBC}") = "PackageToolsEditor", "PackageToolsEditor.csproj", "{f25b35e8-f4c1-ac55-d1ae-f72c02c5cf4f}"
EndProject
Project("{FAE04EC0-301F-11D3-BF4B-00C04F79EFBC}") = "UnityEditor.UI.EditorTests", "UnityEditor.UI.EditorTests.csproj", "{c902ed65-3275-1adb-2784-3696624b29f2}"
EndProject
Project("{FAE04EC0-301F-11D3-BF4B-00C04F79EFBC}") = "Unity.VisualStudio.Editor", "Unity.VisualStudio.Editor.csproj", "{3f2dd0be-fc93-be72-0823-8f8609d5d40d}"
EndProject
Project("{FAE04EC0-301F-11D3-BF4B-00C04F79EFBC}") = "PPv2URPConverters", "PPv2URPConverters.csproj", "{2308f6f5-d972-936e-a465-760f8b196bea}"
EndProject
Project("{FAE04EC0-301F-11D3-BF4B-00C04F79EFBC}") = "Unity.2D.Tilemap.Extras.Editor", "Unity.2D.Tilemap.Extras.Editor.csproj", "{28f7c24c-ea72-d825-f7a9-5710f4dd4c37}"
EndProject
Project("{FAE04EC0-301F-11D3-BF4B-00C04F79EFBC}") = "Unity.Postprocessing.Runtime.Tests", "Unity.Postprocessing.Runtime.Tests.csproj", "{d1d1fd11-5d0c-08b2-043e-b333addc39e6}"
EndProject
Project("{FAE04EC0-301F-11D3-BF4B-00C04F79EFBC}") = "Unity.Rider.Editor", "Unity.Rider.Editor.csproj", "{f2b9dc0f-9785-4d3d-daf1-ba03a6ffdf6a}"
EndProject
Project("{FAE04EC0-301F-11D3-BF4B-00C04F79EFBC}") = "Unity.Postprocessing.Runtime", "Unity.Postprocessing.Runtime.csproj", "{60d39e9a-b0e3-9d2f-9f4f-367a51f63a12}"
EndProject
Project("{FAE04EC0-301F-11D3-BF4B-00C04F79EFBC}") = "Unity.InternalAPIEditorBridge.001", "Unity.InternalAPIEditorBridge.001.csproj", "{83c62f10-a591-825c-379d-2ed62e12e275}"
EndProject
Project("{FAE04EC0-301F-11D3-BF4B-00C04F79EFBC}") = "Unity.RenderPipelines.Universal.Editor.Tests", "Unity.RenderPipelines.Universal.Editor.Tests.csproj", "{d4e830ee-12ad-43c5-4c82-db8ba3ef5d25}"
EndProject
Project("{FAE04EC0-301F-11D3-BF4B-00C04F79EFBC}") = "Unity.Reanimation", "Unity.Reanimation.csproj", "{9b0551b9-25af-3dd6-eb34-369a306f73b6}"
EndProject
Project("{FAE04EC0-301F-11D3-BF4B-00C04F79EFBC}") = "Unity.2D.SpriteShape.Runtime", "Unity.2D.SpriteShape.Runtime.csproj", "{fabc6e47-2aa2-4b87-0f26-82e19f27a9ce}"
EndProject
Project("{FAE04EC0-301F-11D3-BF4B-00C04F79EFBC}") = "Unity.AI.Navigation.Editor.Tests", "Unity.AI.Navigation.Editor.Tests.csproj", "{0441fed4-9703-0003-7cc6-e2434954b616}"
EndProject
Project("{FAE04EC0-301F-11D3-BF4B-00C04F79EFBC}") = "Unity.AI.Navigation", "Unity.AI.Navigation.csproj", "{b4fe88dd-9e3a-a9f3-e8e1-dfa643b2ba43}"
EndProject
Project("{FAE04EC0-301F-11D3-BF4B-00C04F79EFBC}") = "Unity.CollabProxy.Editor", "Unity.CollabProxy.Editor.csproj", "{3220935f-c6fb-6ba6-5a22-ebea3a7ae1d6}"
EndProject
Project("{FAE04EC0-301F-11D3-BF4B-00C04F79EFBC}") = "Unity.VisualEffectGraph.Runtime", "Unity.VisualEffectGraph.Runtime.csproj", "{adb9bd58-6e89-a96a-c937-6f4daa01b2f2}"
EndProject
Project("{FAE04EC0-301F-11D3-BF4B-00C04F79EFBC}") = "Unity.AI.Navigation.Editor.ConversionSystem", "Unity.AI.Navigation.Editor.ConversionSystem.csproj", "{3824480e-0918-336e-94a5-9e140b36901b}"
EndProject
Project("{FAE04EC0-301F-11D3-BF4B-00C04F79EFBC}") = "Unity.2D.Animation.Runtime", "Unity.2D.Animation.Runtime.csproj", "{80960f32-ba71-2c5c-e07d-acc20c18d6b3}"
EndProject
Project("{FAE04EC0-301F-11D3-BF4B-00C04F79EFBC}") = "Unity.Burst.CodeGen", "Unity.Burst.CodeGen.csproj", "{092122c5-542f-fb46-52e5-52b3f94a6faf}"
EndProject
Project("{FAE04EC0-301F-11D3-BF4B-00C04F79EFBC}") = "Unity.Collections.Tests", "Unity.Collections.Tests.csproj", "{90ac7bc8-9f49-3757-9042-1e1055b60088}"
EndProject
Project("{FAE04EC0-301F-11D3-BF4B-00C04F79EFBC}") = "Unity.RenderPipeline.Universal.ShaderLibrary", "Unity.RenderPipeline.Universal.ShaderLibrary.csproj", "{90cbd5c6-4992-acb5-fe8a-d1ea3219fe03}"
EndProject
Project("{FAE04EC0-301F-11D3-BF4B-00C04F79EFBC}") = "Unity.2D.Tilemap.Extras", "Unity.2D.Tilemap.Extras.csproj", "{20409c7f-534d-00b6-b061-e6b59fe0f849}"
EndProject
Project("{FAE04EC0-301F-11D3-BF4B-00C04F79EFBC}") = "Unity.Postprocessing.Editor", "Unity.Postprocessing.Editor.csproj", "{f2b53116-a19b-2587-642b-209b92219450}"
EndProject
Project("{FAE04EC0-301F-11D3-BF4B-00C04F79EFBC}") = "Unity.Reanimation.Editor", "Unity.Reanimation.Editor.csproj", "{b8e812b0-b30b-f6af-3cc8-7dbae4eb1a0f}"
EndProject
Project("{FAE04EC0-301F-11D3-BF4B-00C04F79EFBC}") = "Unity.2D.Tilemap.Extras.Placeholder.EditorTests", "Unity.2D.Tilemap.Extras.Placeholder.EditorTests.csproj", "{f24da620-9655-f851-b88c-2e0b6116c72d}"
EndProject
Project("{FAE04EC0-301F-11D3-BF4B-00C04F79EFBC}") = "Unity.RenderPipelines.Core.Editor.Tests", "Unity.RenderPipelines.Core.Editor.Tests.csproj", "{f55ffcb3-d79f-a8d1-7b91-4180f1610bc0}"
EndProject
Project("{FAE04EC0-301F-11D3-BF4B-00C04F79EFBC}") = "Unity.Reanimation.Tests", "Unity.Reanimation.Tests.csproj", "{7c0dba4b-6d3f-cbb8-b4c6-6670a7700631}"
EndProject
Project("{FAE04EC0-301F-11D3-BF4B-00C04F79EFBC}") = "Unity.2D.Aseprite.Common", "Unity.2D.Aseprite.Common.csproj", "{cd9ff264-fc9a-103e-97d6-62573439e92e}"
EndProject
Project("{FAE04EC0-301F-11D3-BF4B-00C04F79EFBC}") = "Unity.AI.Navigation.Tests", "Unity.AI.Navigation.Tests.csproj", "{198a29e1-b3cf-355c-900c-8d13dfd96f14}"
EndProject
Project("{FAE04EC0-301F-11D3-BF4B-00C04F79EFBC}") = "Unity.VSCode.Editor", "Unity.VSCode.Editor.csproj", "{21fcd3e0-401b-4e57-ff22-bcfebbbcc244}"
EndProject
Project("{FAE04EC0-301F-11D3-BF4B-00C04F79EFBC}") = "Unity.2D.IK.Editor", "Unity.2D.IK.Editor.csproj", "{d5337618-20d4-a064-1494-c98d5f8cb2a8}"
EndProject
Project("{FAE04EC0-301F-11D3-BF4B-00C04F79EFBC}") = "Unity.InternalAPIEngineBridge.001", "Unity.InternalAPIEngineBridge.001.csproj", "{14a506a6-5360-c047-0fd4-84a7f9fd9d28}"
EndProject
Project("{FAE04EC0-301F-11D3-BF4B-00C04F79EFBC}") = "Unity.Burst.Editor", "Unity.Burst.Editor.csproj", "{9837ab9e-891d-1c88-3db7-8471e4ea7803}"
EndProject
Project("{FAE04EC0-301F-11D3-BF4B-00C04F79EFBC}") = "Unity.ShaderGraph.Editor.Tests", "Unity.ShaderGraph.Editor.Tests.csproj", "{9e6d2d46-3bd1-2010-0a84-113e7460b925}"
EndProject
Project("{FAE04EC0-301F-11D3-BF4B-00C04F79EFBC}") = "Unity.2D.Common.Editor", "Unity.2D.Common.Editor.csproj", "{385fbb98-1364-4b54-7a73-40e4528a227f}"
EndProject
Project("{FAE04EC0-301F-11D3-BF4B-00C04F79EFBC}") = "Unity.2D.Sprite.Editor", "Unity.2D.Sprite.Editor.csproj", "{c99c141d-c4e8-fc5c-67af-481d42f9b9ba}"
EndProject
Project("{FAE04EC0-301F-11D3-BF4B-00C04F79EFBC}") = "Unity.AI.Navigation.Updater", "Unity.AI.Navigation.Updater.csproj", "{e90eb288-6f3a-e8d0-f578-ac269bcba780}"
EndProject
Project("{FAE04EC0-301F-11D3-BF4B-00C04F79EFBC}") = "Unity.RenderPipelines.Universal.2D.Internal", "Unity.RenderPipelines.Universal.2D.Internal.csproj", "{41968b37-8e2c-b9f1-9a90-4b5c4a28c5e1}"
EndProject
Project("{FAE04EC0-301F-11D3-BF4B-00C04F79EFBC}") = "Unity.2D.PixelPerfect", "Unity.2D.PixelPerfect.csproj", "{943e3321-c629-8ddf-460c-aba3db9e5ec0}"
EndProject
Project("{FAE04EC0-301F-11D3-BF4B-00C04F79EFBC}") = "Unity.2D.Aseprite.EditorTests", "Unity.2D.Aseprite.EditorTests.csproj", "{4fa042e1-d63e-0c8e-a307-db90bb860f92}"
EndProject
Project("{FAE04EC0-301F-11D3-BF4B-00C04F79EFBC}") = "Unity.2D.PixelPerfect.Editor", "Unity.2D.PixelPerfect.Editor.csproj", "{766f76e7-867b-522e-5334-b57382476f85}"
EndProject
Project("{FAE04EC0-301F-11D3-BF4B-00C04F79EFBC}") = "Unity.2D.Common.Runtime", "Unity.2D.Common.Runtime.csproj", "{559964d0-d417-be7e-5c27-be4df8cc1faf}"
EndProject
Project("{FAE04EC0-301F-11D3-BF4B-00C04F79EFBC}") = "Unity.2D.SpriteShape.EditorTests", "Unity.2D.SpriteShape.EditorTests.csproj", "{b019126b-7c30-3671-e772-10f36600c898}"
EndProject
Project("{FAE04EC0-301F-11D3-BF4B-00C04F79EFBC}") = "Unity.ShaderGraph.Utilities", "Unity.ShaderGraph.Utilities.csproj", "{46a051cf-0d10-92fa-c288-1b8696854702}"
EndProject
Project("{FAE04EC0-301F-11D3-BF4B-00C04F79EFBC}") = "Unity.RenderPipelines.Universal.Runtime.Tests", "Unity.RenderPipelines.Universal.Runtime.Tests.csproj", "{a06fc5a6-eb6d-5135-bca0-1c0d9d91e539}"
EndProject
Project("{FAE04EC0-301F-11D3-BF4B-00C04F79EFBC}") = "Unity.VisualEffectGraph.Runtime.Tests", "Unity.VisualEffectGraph.Runtime.Tests.csproj", "{1ba7c076-0568-9132-0de9-9fa5ecef030e}"
EndProject
Project("{FAE04EC0-301F-11D3-BF4B-00C04F79EFBC}") = "Unity.RenderPipelines.Core.Runtime.Tests", "Unity.RenderPipelines.Core.Runtime.Tests.csproj", "{e2933415-224e-3f17-5250-f73b1cfcf953}"
EndProject
Project("{FAE04EC0-301F-11D3-BF4B-00C04F79EFBC}") = "Assembly-CSharp-Editor", "Assembly-CSharp-Editor.csproj", "{27d3dbdd-6e99-979f-bf22-0292f57b5e5f}"
EndProject
Project("{FAE04EC0-301F-11D3-BF4B-00C04F79EFBC}") = "Unity.2D.Animation.EditorTests", "Unity.2D.Animation.EditorTests.csproj", "{c96f112e-6360-5d88-86dc-f9b2b4acbfd4}"
EndProject
Project("{FAE04EC0-301F-11D3-BF4B-00C04F79EFBC}") = "Unity.Mathematics.Editor", "Unity.Mathematics.Editor.csproj", "{f22b411d-a7c1-64c1-6c2c-c0a21641ea5c}"
EndProject
Project("{FAE04EC0-301F-11D3-BF4B-00C04F79EFBC}") = "Unity.2D.Tilemap.Package.EditorTests", "Unity.2D.Tilemap.Package.EditorTests.csproj", "{03d2e2ac-d3cb-4518-7368-1351eef78f37}"
EndProject
Project("{FAE04EC0-301F-11D3-BF4B-00C04F79EFBC}") = "Unity.2D.Common.EditorTests", "Unity.2D.Common.EditorTests.csproj", "{9810be17-e8be-0d97-8bc6-3cac3327bbb7}"
EndProject
Project("{FAE04EC0-301F-11D3-BF4B-00C04F79EFBC}") = "Unity.2D.PixelPerfect.Editor.Tests", "Unity.2D.PixelPerfect.Editor.Tests.csproj", "{164920f2-7f3f-2a35-64a8-14f6d3fa1abd}"
EndProject
Project("{FAE04EC0-301F-11D3-BF4B-00C04F79EFBC}") = "Unity.2D.Psdimporter.EditorTests", "Unity.2D.Psdimporter.EditorTests.csproj", "{fa36f669-d0c6-833c-b8ff-c290e961eb1c}"
EndProject
Project("{FAE04EC0-301F-11D3-BF4B-00C04F79EFBC}") = "Unity.Searcher.EditorTests", "Unity.Searcher.EditorTests.csproj", "{72fc42ad-dedf-3aa9-9d64-e621f10a78f7}"
EndProject
Project("{FAE04EC0-301F-11D3-BF4B-00C04F79EFBC}") = "Unity.Collections.BurstCompatibilityGen", "Unity.Collections.BurstCompatibilityGen.csproj", "{3f38a9c8-dd66-64e2-241b-136c24a92a10}"
EndProject
Project("{FAE04EC0-301F-11D3-BF4B-00C04F79EFBC}") = "Unity.2D.Sprite.Package.EditorTests", "Unity.2D.Sprite.Package.EditorTests.csproj", "{3a5719ec-01cb-94d3-d0cd-eb1b8d6b5664}"
EndProject
Project("{FAE04EC0-301F-11D3-BF4B-00C04F79EFBC}") = "Unity.VisualEffectGraph.Editor.Tests", "Unity.VisualEffectGraph.Editor.Tests.csproj", "{7f34c67e-075a-2618-4f83-c01821be2106}"
EndProject
Project("{FAE04EC0-301F-11D3-BF4B-00C04F79EFBC}") = "Unity.Collections.DocCodeSamples", "Unity.Collections.DocCodeSamples.csproj", "{90f13adf-ecda-79d4-0e4b-f02bf1e31189}"
EndProject
Project("{FAE04EC0-301F-11D3-BF4B-00C04F79EFBC}") = "Unity.Postprocessing.Editor.Tests", "Unity.Postprocessing.Editor.Tests.csproj", "{5f131896-e8e1-f47d-ce9d-e4bbadf7f915}"
EndProject
Project("{FAE04EC0-301F-11D3-BF4B-00C04F79EFBC}") = "Assembly-CSharp", "Assembly-CSharp.csproj", "{067f1c7e-b545-c3cd-bb14-945657363b23}"
EndProject
Project("{FAE04EC0-301F-11D3-BF4B-00C04F79EFBC}") = "Unity.RenderPipelines.Universal.Config.Runtime", "Unity.RenderPipelines.Universal.Config.Runtime.csproj", "{6ca193a5-1a1d-2a3c-991d-8775a25f4385}"
EndProject
Project("{FAE04EC0-301F-11D3-BF4B-00C04F79EFBC}") = "Unity.RenderPipelines.Universal.Config.Editor.Tests", "Unity.RenderPipelines.Universal.Config.Editor.Tests.csproj", "{17bb4931-3c5b-556d-654e-986ca459d542}"
EndProject
Project("{FAE04EC0-301F-11D3-BF4B-00C04F79EFBC}") = "Unity.RenderPipelines.ShaderGraph.ShaderGraphLibrary", "Unity.RenderPipelines.ShaderGraph.ShaderGraphLibrary.csproj", "{5a733c39-20fb-7e8c-9127-c94095463a32}"
EndProject
Project("{FAE04EC0-301F-11D3-BF4B-00C04F79EFBC}") = "Unity.RenderPipelines.Core.ShaderLibrary", "Unity.RenderPipelines.Core.ShaderLibrary.csproj", "{72a4a910-fec3-1260-068a-abbe7e26a927}"
EndProject
Project("{FAE04EC0-301F-11D3-BF4B-00C04F79EFBC}") = "Unity.RenderPipelines.Universal.Shaders", "Unity.RenderPipelines.Universal.Shaders.csproj", "{5171b60a-986b-34e9-6f35-c305a11bce0e}"
EndProject
Global
	GlobalSection(SolutionConfigurationPlatforms) = preSolution
		Debug|Any CPU = Debug|Any CPU
	EndGlobalSection
	GlobalSection(ProjectConfigurationPlatforms) = postSolution
		{35e7573b-ddc3-5960-2df4-3426bb1fd5d5}.Debug|Any CPU.ActiveCfg = Debug|Any CPU
		{35e7573b-ddc3-5960-2df4-3426bb1fd5d5}.Debug|Any CPU.Build.0 = Debug|Any CPU
		{981e5010-4096-07af-91d3-7c3c413327eb}.Debug|Any CPU.ActiveCfg = Debug|Any CPU
		{981e5010-4096-07af-91d3-7c3c413327eb}.Debug|Any CPU.Build.0 = Debug|Any CPU
		{a8f37404-830d-d7fd-767f-61af0f55ccd0}.Debug|Any CPU.ActiveCfg = Debug|Any CPU
		{a8f37404-830d-d7fd-767f-61af0f55ccd0}.Debug|Any CPU.Build.0 = Debug|Any CPU
		{3a969dc1-90c5-fe6b-bd4a-3bdc2669ecd4}.Debug|Any CPU.ActiveCfg = Debug|Any CPU
		{3a969dc1-90c5-fe6b-bd4a-3bdc2669ecd4}.Debug|Any CPU.Build.0 = Debug|Any CPU
		{370a11f4-bed4-7d6c-6cec-796b754532af}.Debug|Any CPU.ActiveCfg = Debug|Any CPU
		{370a11f4-bed4-7d6c-6cec-796b754532af}.Debug|Any CPU.Build.0 = Debug|Any CPU
		{31160088-1987-6ae5-1984-9997a359cf7f}.Debug|Any CPU.ActiveCfg = Debug|Any CPU
		{31160088-1987-6ae5-1984-9997a359cf7f}.Debug|Any CPU.Build.0 = Debug|Any CPU
		{4d6c825e-2ac9-4ca9-4d5e-ba1eb02c780c}.Debug|Any CPU.ActiveCfg = Debug|Any CPU
		{4d6c825e-2ac9-4ca9-4d5e-ba1eb02c780c}.Debug|Any CPU.Build.0 = Debug|Any CPU
		{dc9f8417-be66-4e20-7b7a-f0092e57e9e7}.Debug|Any CPU.ActiveCfg = Debug|Any CPU
		{dc9f8417-be66-4e20-7b7a-f0092e57e9e7}.Debug|Any CPU.Build.0 = Debug|Any CPU
		{110afee9-dd76-11e3-f2ca-2ef48a0f01c2}.Debug|Any CPU.ActiveCfg = Debug|Any CPU
		{110afee9-dd76-11e3-f2ca-2ef48a0f01c2}.Debug|Any CPU.Build.0 = Debug|Any CPU
		{b92768bc-3e2b-ac9b-ebf3-d66f4d8315fa}.Debug|Any CPU.ActiveCfg = Debug|Any CPU
		{b92768bc-3e2b-ac9b-ebf3-d66f4d8315fa}.Debug|Any CPU.Build.0 = Debug|Any CPU
		{043e07f4-c005-4b52-6197-715c2e770977}.Debug|Any CPU.ActiveCfg = Debug|Any CPU
		{043e07f4-c005-4b52-6197-715c2e770977}.Debug|Any CPU.Build.0 = Debug|Any CPU
		{577cb22b-0638-3deb-cdb8-2cfb449f474b}.Debug|Any CPU.ActiveCfg = Debug|Any CPU
		{577cb22b-0638-3deb-cdb8-2cfb449f474b}.Debug|Any CPU.Build.0 = Debug|Any CPU
		{46f2c8d4-e684-09c9-28aa-a8e757a8b0ba}.Debug|Any CPU.ActiveCfg = Debug|Any CPU
		{46f2c8d4-e684-09c9-28aa-a8e757a8b0ba}.Debug|Any CPU.Build.0 = Debug|Any CPU
		{8bacfcbd-3c50-74f8-1701-0bdc747f5acc}.Debug|Any CPU.ActiveCfg = Debug|Any CPU
		{8bacfcbd-3c50-74f8-1701-0bdc747f5acc}.Debug|Any CPU.Build.0 = Debug|Any CPU
		{e77d195e-c597-0528-69f5-6699f0f4fbcc}.Debug|Any CPU.ActiveCfg = Debug|Any CPU
		{e77d195e-c597-0528-69f5-6699f0f4fbcc}.Debug|Any CPU.Build.0 = Debug|Any CPU
		{93ebccb0-4a65-dcf8-67d2-592557ee6fc4}.Debug|Any CPU.ActiveCfg = Debug|Any CPU
		{93ebccb0-4a65-dcf8-67d2-592557ee6fc4}.Debug|Any CPU.Build.0 = Debug|Any CPU
		{640aa63b-efd4-4748-e072-18ed308b5f93}.Debug|Any CPU.ActiveCfg = Debug|Any CPU
		{640aa63b-efd4-4748-e072-18ed308b5f93}.Debug|Any CPU.Build.0 = Debug|Any CPU
		{588cc6b0-cb50-9932-d57d-674d6aca27d0}.Debug|Any CPU.ActiveCfg = Debug|Any CPU
		{588cc6b0-cb50-9932-d57d-674d6aca27d0}.Debug|Any CPU.Build.0 = Debug|Any CPU
		{81c87da6-f6f8-d4cf-b3ee-70bc32e5e8f7}.Debug|Any CPU.ActiveCfg = Debug|Any CPU
		{81c87da6-f6f8-d4cf-b3ee-70bc32e5e8f7}.Debug|Any CPU.Build.0 = Debug|Any CPU
		{7a08537c-b728-d1f9-fcfb-6a3b8e137b36}.Debug|Any CPU.ActiveCfg = Debug|Any CPU
		{7a08537c-b728-d1f9-fcfb-6a3b8e137b36}.Debug|Any CPU.Build.0 = Debug|Any CPU
		{472141d7-f608-09e2-0941-a640b4806231}.Debug|Any CPU.ActiveCfg = Debug|Any CPU
		{472141d7-f608-09e2-0941-a640b4806231}.Debug|Any CPU.Build.0 = Debug|Any CPU
		{3cb0ac6c-4c2f-01f2-150d-0238d12c98fa}.Debug|Any CPU.ActiveCfg = Debug|Any CPU
		{3cb0ac6c-4c2f-01f2-150d-0238d12c98fa}.Debug|Any CPU.Build.0 = Debug|Any CPU
		{aae31922-a254-bce9-8f90-ca67be19e54e}.Debug|Any CPU.ActiveCfg = Debug|Any CPU
		{aae31922-a254-bce9-8f90-ca67be19e54e}.Debug|Any CPU.Build.0 = Debug|Any CPU
		{47a62910-8b39-e23f-79a3-0c631ada4a35}.Debug|Any CPU.ActiveCfg = Debug|Any CPU
		{47a62910-8b39-e23f-79a3-0c631ada4a35}.Debug|Any CPU.Build.0 = Debug|Any CPU
		{55e72598-dd69-d959-2d45-e65ab4c7c84a}.Debug|Any CPU.ActiveCfg = Debug|Any CPU
		{55e72598-dd69-d959-2d45-e65ab4c7c84a}.Debug|Any CPU.Build.0 = Debug|Any CPU
		{c91cb208-cf7b-7442-012b-1f1d11c1ab99}.Debug|Any CPU.ActiveCfg = Debug|Any CPU
		{c91cb208-cf7b-7442-012b-1f1d11c1ab99}.Debug|Any CPU.Build.0 = Debug|Any CPU
		{71c7d2af-cc8f-c46b-e78a-eccc658f447c}.Debug|Any CPU.ActiveCfg = Debug|Any CPU
		{71c7d2af-cc8f-c46b-e78a-eccc658f447c}.Debug|Any CPU.Build.0 = Debug|Any CPU
		{1c08252f-e240-cb54-6b06-dcca7173f026}.Debug|Any CPU.ActiveCfg = Debug|Any CPU
		{1c08252f-e240-cb54-6b06-dcca7173f026}.Debug|Any CPU.Build.0 = Debug|Any CPU
		{c53d37f5-6fdb-3f2e-4cba-cb0500adf29f}.Debug|Any CPU.ActiveCfg = Debug|Any CPU
		{c53d37f5-6fdb-3f2e-4cba-cb0500adf29f}.Debug|Any CPU.Build.0 = Debug|Any CPU
		{9d47490b-aadd-43f3-5e55-666bde316f5b}.Debug|Any CPU.ActiveCfg = Debug|Any CPU
		{9d47490b-aadd-43f3-5e55-666bde316f5b}.Debug|Any CPU.Build.0 = Debug|Any CPU
		{130b50c5-401b-c92c-60de-925a3e8092bb}.Debug|Any CPU.ActiveCfg = Debug|Any CPU
		{130b50c5-401b-c92c-60de-925a3e8092bb}.Debug|Any CPU.Build.0 = Debug|Any CPU
		{cd61bf6d-5e7e-c12c-5866-f79049bf6532}.Debug|Any CPU.ActiveCfg = Debug|Any CPU
		{cd61bf6d-5e7e-c12c-5866-f79049bf6532}.Debug|Any CPU.Build.0 = Debug|Any CPU
		{f25b35e8-f4c1-ac55-d1ae-f72c02c5cf4f}.Debug|Any CPU.ActiveCfg = Debug|Any CPU
		{f25b35e8-f4c1-ac55-d1ae-f72c02c5cf4f}.Debug|Any CPU.Build.0 = Debug|Any CPU
		{c902ed65-3275-1adb-2784-3696624b29f2}.Debug|Any CPU.ActiveCfg = Debug|Any CPU
		{c902ed65-3275-1adb-2784-3696624b29f2}.Debug|Any CPU.Build.0 = Debug|Any CPU
		{3f2dd0be-fc93-be72-0823-8f8609d5d40d}.Debug|Any CPU.ActiveCfg = Debug|Any CPU
		{3f2dd0be-fc93-be72-0823-8f8609d5d40d}.Debug|Any CPU.Build.0 = Debug|Any CPU
		{2308f6f5-d972-936e-a465-760f8b196bea}.Debug|Any CPU.ActiveCfg = Debug|Any CPU
		{2308f6f5-d972-936e-a465-760f8b196bea}.Debug|Any CPU.Build.0 = Debug|Any CPU
		{28f7c24c-ea72-d825-f7a9-5710f4dd4c37}.Debug|Any CPU.ActiveCfg = Debug|Any CPU
		{28f7c24c-ea72-d825-f7a9-5710f4dd4c37}.Debug|Any CPU.Build.0 = Debug|Any CPU
		{d1d1fd11-5d0c-08b2-043e-b333addc39e6}.Debug|Any CPU.ActiveCfg = Debug|Any CPU
		{d1d1fd11-5d0c-08b2-043e-b333addc39e6}.Debug|Any CPU.Build.0 = Debug|Any CPU
		{f2b9dc0f-9785-4d3d-daf1-ba03a6ffdf6a}.Debug|Any CPU.ActiveCfg = Debug|Any CPU
		{f2b9dc0f-9785-4d3d-daf1-ba03a6ffdf6a}.Debug|Any CPU.Build.0 = Debug|Any CPU
		{60d39e9a-b0e3-9d2f-9f4f-367a51f63a12}.Debug|Any CPU.ActiveCfg = Debug|Any CPU
		{60d39e9a-b0e3-9d2f-9f4f-367a51f63a12}.Debug|Any CPU.Build.0 = Debug|Any CPU
		{83c62f10-a591-825c-379d-2ed62e12e275}.Debug|Any CPU.ActiveCfg = Debug|Any CPU
		{83c62f10-a591-825c-379d-2ed62e12e275}.Debug|Any CPU.Build.0 = Debug|Any CPU
		{d4e830ee-12ad-43c5-4c82-db8ba3ef5d25}.Debug|Any CPU.ActiveCfg = Debug|Any CPU
		{d4e830ee-12ad-43c5-4c82-db8ba3ef5d25}.Debug|Any CPU.Build.0 = Debug|Any CPU
		{9b0551b9-25af-3dd6-eb34-369a306f73b6}.Debug|Any CPU.ActiveCfg = Debug|Any CPU
		{9b0551b9-25af-3dd6-eb34-369a306f73b6}.Debug|Any CPU.Build.0 = Debug|Any CPU
		{fabc6e47-2aa2-4b87-0f26-82e19f27a9ce}.Debug|Any CPU.ActiveCfg = Debug|Any CPU
		{fabc6e47-2aa2-4b87-0f26-82e19f27a9ce}.Debug|Any CPU.Build.0 = Debug|Any CPU
		{0441fed4-9703-0003-7cc6-e2434954b616}.Debug|Any CPU.ActiveCfg = Debug|Any CPU
		{0441fed4-9703-0003-7cc6-e2434954b616}.Debug|Any CPU.Build.0 = Debug|Any CPU
		{b4fe88dd-9e3a-a9f3-e8e1-dfa643b2ba43}.Debug|Any CPU.ActiveCfg = Debug|Any CPU
		{b4fe88dd-9e3a-a9f3-e8e1-dfa643b2ba43}.Debug|Any CPU.Build.0 = Debug|Any CPU
		{3220935f-c6fb-6ba6-5a22-ebea3a7ae1d6}.Debug|Any CPU.ActiveCfg = Debug|Any CPU
		{3220935f-c6fb-6ba6-5a22-ebea3a7ae1d6}.Debug|Any CPU.Build.0 = Debug|Any CPU
		{adb9bd58-6e89-a96a-c937-6f4daa01b2f2}.Debug|Any CPU.ActiveCfg = Debug|Any CPU
		{adb9bd58-6e89-a96a-c937-6f4daa01b2f2}.Debug|Any CPU.Build.0 = Debug|Any CPU
		{3824480e-0918-336e-94a5-9e140b36901b}.Debug|Any CPU.ActiveCfg = Debug|Any CPU
		{3824480e-0918-336e-94a5-9e140b36901b}.Debug|Any CPU.Build.0 = Debug|Any CPU
		{80960f32-ba71-2c5c-e07d-acc20c18d6b3}.Debug|Any CPU.ActiveCfg = Debug|Any CPU
		{80960f32-ba71-2c5c-e07d-acc20c18d6b3}.Debug|Any CPU.Build.0 = Debug|Any CPU
		{092122c5-542f-fb46-52e5-52b3f94a6faf}.Debug|Any CPU.ActiveCfg = Debug|Any CPU
		{092122c5-542f-fb46-52e5-52b3f94a6faf}.Debug|Any CPU.Build.0 = Debug|Any CPU
		{90ac7bc8-9f49-3757-9042-1e1055b60088}.Debug|Any CPU.ActiveCfg = Debug|Any CPU
		{90ac7bc8-9f49-3757-9042-1e1055b60088}.Debug|Any CPU.Build.0 = Debug|Any CPU
		{90cbd5c6-4992-acb5-fe8a-d1ea3219fe03}.Debug|Any CPU.ActiveCfg = Debug|Any CPU
		{90cbd5c6-4992-acb5-fe8a-d1ea3219fe03}.Debug|Any CPU.Build.0 = Debug|Any CPU
		{20409c7f-534d-00b6-b061-e6b59fe0f849}.Debug|Any CPU.ActiveCfg = Debug|Any CPU
		{20409c7f-534d-00b6-b061-e6b59fe0f849}.Debug|Any CPU.Build.0 = Debug|Any CPU
		{f2b53116-a19b-2587-642b-209b92219450}.Debug|Any CPU.ActiveCfg = Debug|Any CPU
		{f2b53116-a19b-2587-642b-209b92219450}.Debug|Any CPU.Build.0 = Debug|Any CPU
		{b8e812b0-b30b-f6af-3cc8-7dbae4eb1a0f}.Debug|Any CPU.ActiveCfg = Debug|Any CPU
		{b8e812b0-b30b-f6af-3cc8-7dbae4eb1a0f}.Debug|Any CPU.Build.0 = Debug|Any CPU
		{f24da620-9655-f851-b88c-2e0b6116c72d}.Debug|Any CPU.ActiveCfg = Debug|Any CPU
		{f24da620-9655-f851-b88c-2e0b6116c72d}.Debug|Any CPU.Build.0 = Debug|Any CPU
		{f55ffcb3-d79f-a8d1-7b91-4180f1610bc0}.Debug|Any CPU.ActiveCfg = Debug|Any CPU
		{f55ffcb3-d79f-a8d1-7b91-4180f1610bc0}.Debug|Any CPU.Build.0 = Debug|Any CPU
		{7c0dba4b-6d3f-cbb8-b4c6-6670a7700631}.Debug|Any CPU.ActiveCfg = Debug|Any CPU
		{7c0dba4b-6d3f-cbb8-b4c6-6670a7700631}.Debug|Any CPU.Build.0 = Debug|Any CPU
		{cd9ff264-fc9a-103e-97d6-62573439e92e}.Debug|Any CPU.ActiveCfg = Debug|Any CPU
		{cd9ff264-fc9a-103e-97d6-62573439e92e}.Debug|Any CPU.Build.0 = Debug|Any CPU
		{198a29e1-b3cf-355c-900c-8d13dfd96f14}.Debug|Any CPU.ActiveCfg = Debug|Any CPU
		{198a29e1-b3cf-355c-900c-8d13dfd96f14}.Debug|Any CPU.Build.0 = Debug|Any CPU
		{21fcd3e0-401b-4e57-ff22-bcfebbbcc244}.Debug|Any CPU.ActiveCfg = Debug|Any CPU
		{21fcd3e0-401b-4e57-ff22-bcfebbbcc244}.Debug|Any CPU.Build.0 = Debug|Any CPU
		{d5337618-20d4-a064-1494-c98d5f8cb2a8}.Debug|Any CPU.ActiveCfg = Debug|Any CPU
		{d5337618-20d4-a064-1494-c98d5f8cb2a8}.Debug|Any CPU.Build.0 = Debug|Any CPU
		{14a506a6-5360-c047-0fd4-84a7f9fd9d28}.Debug|Any CPU.ActiveCfg = Debug|Any CPU
		{14a506a6-5360-c047-0fd4-84a7f9fd9d28}.Debug|Any CPU.Build.0 = Debug|Any CPU
		{9837ab9e-891d-1c88-3db7-8471e4ea7803}.Debug|Any CPU.ActiveCfg = Debug|Any CPU
		{9837ab9e-891d-1c88-3db7-8471e4ea7803}.Debug|Any CPU.Build.0 = Debug|Any CPU
		{9e6d2d46-3bd1-2010-0a84-113e7460b925}.Debug|Any CPU.ActiveCfg = Debug|Any CPU
		{9e6d2d46-3bd1-2010-0a84-113e7460b925}.Debug|Any CPU.Build.0 = Debug|Any CPU
		{385fbb98-1364-4b54-7a73-40e4528a227f}.Debug|Any CPU.ActiveCfg = Debug|Any CPU
		{385fbb98-1364-4b54-7a73-40e4528a227f}.Debug|Any CPU.Build.0 = Debug|Any CPU
		{c99c141d-c4e8-fc5c-67af-481d42f9b9ba}.Debug|Any CPU.ActiveCfg = Debug|Any CPU
		{c99c141d-c4e8-fc5c-67af-481d42f9b9ba}.Debug|Any CPU.Build.0 = Debug|Any CPU
		{e90eb288-6f3a-e8d0-f578-ac269bcba780}.Debug|Any CPU.ActiveCfg = Debug|Any CPU
		{e90eb288-6f3a-e8d0-f578-ac269bcba780}.Debug|Any CPU.Build.0 = Debug|Any CPU
		{41968b37-8e2c-b9f1-9a90-4b5c4a28c5e1}.Debug|Any CPU.ActiveCfg = Debug|Any CPU
		{41968b37-8e2c-b9f1-9a90-4b5c4a28c5e1}.Debug|Any CPU.Build.0 = Debug|Any CPU
		{943e3321-c629-8ddf-460c-aba3db9e5ec0}.Debug|Any CPU.ActiveCfg = Debug|Any CPU
		{943e3321-c629-8ddf-460c-aba3db9e5ec0}.Debug|Any CPU.Build.0 = Debug|Any CPU
		{4fa042e1-d63e-0c8e-a307-db90bb860f92}.Debug|Any CPU.ActiveCfg = Debug|Any CPU
		{4fa042e1-d63e-0c8e-a307-db90bb860f92}.Debug|Any CPU.Build.0 = Debug|Any CPU
		{766f76e7-867b-522e-5334-b57382476f85}.Debug|Any CPU.ActiveCfg = Debug|Any CPU
		{766f76e7-867b-522e-5334-b57382476f85}.Debug|Any CPU.Build.0 = Debug|Any CPU
		{559964d0-d417-be7e-5c27-be4df8cc1faf}.Debug|Any CPU.ActiveCfg = Debug|Any CPU
		{559964d0-d417-be7e-5c27-be4df8cc1faf}.Debug|Any CPU.Build.0 = Debug|Any CPU
		{b019126b-7c30-3671-e772-10f36600c898}.Debug|Any CPU.ActiveCfg = Debug|Any CPU
		{b019126b-7c30-3671-e772-10f36600c898}.Debug|Any CPU.Build.0 = Debug|Any CPU
		{46a051cf-0d10-92fa-c288-1b8696854702}.Debug|Any CPU.ActiveCfg = Debug|Any CPU
		{46a051cf-0d10-92fa-c288-1b8696854702}.Debug|Any CPU.Build.0 = Debug|Any CPU
		{a06fc5a6-eb6d-5135-bca0-1c0d9d91e539}.Debug|Any CPU.ActiveCfg = Debug|Any CPU
		{a06fc5a6-eb6d-5135-bca0-1c0d9d91e539}.Debug|Any CPU.Build.0 = Debug|Any CPU
		{1ba7c076-0568-9132-0de9-9fa5ecef030e}.Debug|Any CPU.ActiveCfg = Debug|Any CPU
		{1ba7c076-0568-9132-0de9-9fa5ecef030e}.Debug|Any CPU.Build.0 = Debug|Any CPU
		{e2933415-224e-3f17-5250-f73b1cfcf953}.Debug|Any CPU.ActiveCfg = Debug|Any CPU
		{e2933415-224e-3f17-5250-f73b1cfcf953}.Debug|Any CPU.Build.0 = Debug|Any CPU
		{27d3dbdd-6e99-979f-bf22-0292f57b5e5f}.Debug|Any CPU.ActiveCfg = Debug|Any CPU
		{27d3dbdd-6e99-979f-bf22-0292f57b5e5f}.Debug|Any CPU.Build.0 = Debug|Any CPU
		{c96f112e-6360-5d88-86dc-f9b2b4acbfd4}.Debug|Any CPU.ActiveCfg = Debug|Any CPU
		{c96f112e-6360-5d88-86dc-f9b2b4acbfd4}.Debug|Any CPU.Build.0 = Debug|Any CPU
		{f22b411d-a7c1-64c1-6c2c-c0a21641ea5c}.Debug|Any CPU.ActiveCfg = Debug|Any CPU
		{f22b411d-a7c1-64c1-6c2c-c0a21641ea5c}.Debug|Any CPU.Build.0 = Debug|Any CPU
		{03d2e2ac-d3cb-4518-7368-1351eef78f37}.Debug|Any CPU.ActiveCfg = Debug|Any CPU
		{03d2e2ac-d3cb-4518-7368-1351eef78f37}.Debug|Any CPU.Build.0 = Debug|Any CPU
		{9810be17-e8be-0d97-8bc6-3cac3327bbb7}.Debug|Any CPU.ActiveCfg = Debug|Any CPU
		{9810be17-e8be-0d97-8bc6-3cac3327bbb7}.Debug|Any CPU.Build.0 = Debug|Any CPU
		{164920f2-7f3f-2a35-64a8-14f6d3fa1abd}.Debug|Any CPU.ActiveCfg = Debug|Any CPU
		{164920f2-7f3f-2a35-64a8-14f6d3fa1abd}.Debug|Any CPU.Build.0 = Debug|Any CPU
		{fa36f669-d0c6-833c-b8ff-c290e961eb1c}.Debug|Any CPU.ActiveCfg = Debug|Any CPU
		{fa36f669-d0c6-833c-b8ff-c290e961eb1c}.Debug|Any CPU.Build.0 = Debug|Any CPU
		{72fc42ad-dedf-3aa9-9d64-e621f10a78f7}.Debug|Any CPU.ActiveCfg = Debug|Any CPU
		{72fc42ad-dedf-3aa9-9d64-e621f10a78f7}.Debug|Any CPU.Build.0 = Debug|Any CPU
		{3f38a9c8-dd66-64e2-241b-136c24a92a10}.Debug|Any CPU.ActiveCfg = Debug|Any CPU
		{3f38a9c8-dd66-64e2-241b-136c24a92a10}.Debug|Any CPU.Build.0 = Debug|Any CPU
		{3a5719ec-01cb-94d3-d0cd-eb1b8d6b5664}.Debug|Any CPU.ActiveCfg = Debug|Any CPU
		{3a5719ec-01cb-94d3-d0cd-eb1b8d6b5664}.Debug|Any CPU.Build.0 = Debug|Any CPU
		{7f34c67e-075a-2618-4f83-c01821be2106}.Debug|Any CPU.ActiveCfg = Debug|Any CPU
		{7f34c67e-075a-2618-4f83-c01821be2106}.Debug|Any CPU.Build.0 = Debug|Any CPU
		{90f13adf-ecda-79d4-0e4b-f02bf1e31189}.Debug|Any CPU.ActiveCfg = Debug|Any CPU
		{90f13adf-ecda-79d4-0e4b-f02bf1e31189}.Debug|Any CPU.Build.0 = Debug|Any CPU
		{5f131896-e8e1-f47d-ce9d-e4bbadf7f915}.Debug|Any CPU.ActiveCfg = Debug|Any CPU
		{5f131896-e8e1-f47d-ce9d-e4bbadf7f915}.Debug|Any CPU.Build.0 = Debug|Any CPU
		{067f1c7e-b545-c3cd-bb14-945657363b23}.Debug|Any CPU.ActiveCfg = Debug|Any CPU
		{067f1c7e-b545-c3cd-bb14-945657363b23}.Debug|Any CPU.Build.0 = Debug|Any CPU
		{6ca193a5-1a1d-2a3c-991d-8775a25f4385}.Debug|Any CPU.ActiveCfg = Debug|Any CPU
		{6ca193a5-1a1d-2a3c-991d-8775a25f4385}.Debug|Any CPU.Build.0 = Debug|Any CPU
		{17bb4931-3c5b-556d-654e-986ca459d542}.Debug|Any CPU.ActiveCfg = Debug|Any CPU
		{17bb4931-3c5b-556d-654e-986ca459d542}.Debug|Any CPU.Build.0 = Debug|Any CPU
		{5a733c39-20fb-7e8c-9127-c94095463a32}.Debug|Any CPU.ActiveCfg = Debug|Any CPU
		{5a733c39-20fb-7e8c-9127-c94095463a32}.Debug|Any CPU.Build.0 = Debug|Any CPU
		{72a4a910-fec3-1260-068a-abbe7e26a927}.Debug|Any CPU.ActiveCfg = Debug|Any CPU
		{72a4a910-fec3-1260-068a-abbe7e26a927}.Debug|Any CPU.Build.0 = Debug|Any CPU
		{5171b60a-986b-34e9-6f35-c305a11bce0e}.Debug|Any CPU.ActiveCfg = Debug|Any CPU
		{5171b60a-986b-34e9-6f35-c305a11bce0e}.Debug|Any CPU.Build.0 = Debug|Any CPU
	EndGlobalSection
	GlobalSection(SolutionProperties) = preSolution
		HideSolutionNode = FALSE
	EndGlobalSection
EndGlobal
